{
  "name": "diff-sync-text-editor-server",
  "version": "0.0.1",
  "lockfileVersion": 1,
  "requires": true,
  "dependencies": {
    "async-limiter": {
      "version": "1.0.1",
      "resolved": "https://registry.npmjs.org/async-limiter/-/async-limiter-1.0.1.tgz",
      "integrity": "sha512-csOlWGAcRFJaI6m+F2WKdnMKr4HhdhFVBk0H/QbJFMCr+uO2kwohwXQPxw/9OCxp05r5ghVBFSyioixx3gfkNQ=="
    },
    "fast-json-patch": {
      "version": "3.0.0-1",
      "resolved": "https://registry.npmjs.org/fast-json-patch/-/fast-json-patch-3.0.0-1.tgz",
      "integrity": "sha512-6pdFb07cknxvPzCeLsFHStEy+MysPJPgZQ9LbQ/2O67unQF93SNqfdSqnPPl71YMHX+AD8gbl7iuoGFzHEdDuw=="
    },
    "ws": {
      "version": "5.2.2",
      "resolved": "https://registry.npmjs.org/ws/-/ws-5.2.2.tgz",
      "integrity": "sha512-jaHFD6PFv6UgoIVda6qZllptQsMlDEJkTQcybzzXDYM1XO9Y8em691FGMPmM46WGyLU4z9KMgQN+qrux/nhlHA==",
      "requires": {
        "async-limiter": "~1.0.0"
      }
    }
  }
}
