{
    "name": "diff-sync-text-editor-server",
    "version": "0.0.1",
    "lockfileVersion": 2,
    "requires": true,
    "packages": {
        "": {
            "name": "diff-sync-text-editor-server",
            "version": "0.0.1",
            "license": "MIT",
            "dependencies": {
                "async-lock": "^1.3.0",
                "fast-json-patch": "^3.0.0-1",
                "ws": "^5.2.2"
            },
            "engines": {
                "node": "8.x"
            }
        },
        "node_modules/async-limiter": {
            "version": "1.0.1",
            "resolved": "https://registry.npmjs.org/async-limiter/-/async-limiter-1.0.1.tgz",
            "integrity": "sha512-csOlWGAcRFJaI6m+F2WKdnMKr4HhdhFVBk0H/QbJFMCr+uO2kwohwXQPxw/9OCxp05r5ghVBFSyioixx3gfkNQ=="
        },
        "node_modules/async-lock": {
            "version": "1.3.0",
            "resolved": "https://registry.npmjs.org/async-lock/-/async-lock-1.3.0.tgz",
            "integrity": "sha512-8A7SkiisnEgME2zEedtDYPxUPzdv3x//E7n5IFktPAtMYSEAV7eNJF0rMwrVyUFj6d/8rgajLantbjcNRQYXIg=="
        },
        "node_modules/fast-json-patch": {
            "version": "3.0.0-1",
            "resolved": "https://registry.npmjs.org/fast-json-patch/-/fast-json-patch-3.0.0-1.tgz",
            "integrity": "sha512-6pdFb07cknxvPzCeLsFHStEy+MysPJPgZQ9LbQ/2O67unQF93SNqfdSqnPPl71YMHX+AD8gbl7iuoGFzHEdDuw=="
        },
        "node_modules/ws": {
            "version": "5.2.3",
            "resolved": "https://registry.npmjs.org/ws/-/ws-5.2.3.tgz",
            "integrity": "sha512-jZArVERrMsKUatIdnLzqvcfydI85dvd/Fp1u/VOpfdDWQ4c9qWXe+VIeAbQ5FrDwciAkr+lzofXLz3Kuf26AOA==",
            "dependencies": {
                "async-limiter": "~1.0.0"
            }
        }
    },
    "dependencies": {
        "async-limiter": {
            "version": "1.0.1",
            "resolved": "https://registry.npmjs.org/async-limiter/-/async-limiter-1.0.1.tgz",
            "integrity": "sha512-csOlWGAcRFJaI6m+F2WKdnMKr4HhdhFVBk0H/QbJFMCr+uO2kwohwXQPxw/9OCxp05r5ghVBFSyioixx3gfkNQ=="
        },
        "async-lock": {
            "version": "1.3.0",
            "resolved": "https://registry.npmjs.org/async-lock/-/async-lock-1.3.0.tgz",
            "integrity": "sha512-8A7SkiisnEgME2zEedtDYPxUPzdv3x//E7n5IFktPAtMYSEAV7eNJF0rMwrVyUFj6d/8rgajLantbjcNRQYXIg=="
        },
        "fast-json-patch": {
            "version": "3.0.0-1",
            "resolved": "https://registry.npmjs.org/fast-json-patch/-/fast-json-patch-3.0.0-1.tgz",
            "integrity": "sha512-6pdFb07cknxvPzCeLsFHStEy+MysPJPgZQ9LbQ/2O67unQF93SNqfdSqnPPl71YMHX+AD8gbl7iuoGFzHEdDuw=="
        },
        "ws": {
            "version": "5.2.3",
            "resolved": "https://registry.npmjs.org/ws/-/ws-5.2.3.tgz",
            "integrity": "sha512-jZArVERrMsKUatIdnLzqvcfydI85dvd/Fp1u/VOpfdDWQ4c9qWXe+VIeAbQ5FrDwciAkr+lzofXLz3Kuf26AOA==",
            "requires": {
                "async-limiter": "~1.0.0"
            }
        }
    }
}
